// !$*UTF8*$!
{
	archiveVersion = 1;
	classes = {
	};
	objectVersion = 46;
	objects = {

/* Begin PBXBuildFile section */
		6D9EFD441D87FDB80023182B /* main.m in Sources */ = {isa = PBXBuildFile; fileRef = 6D9EFD431D87FDB80023182B /* main.m */; };
		6D9EFD471D87FDB80023182B /* AppDelegate.m in Sources */ = {isa = PBXBuildFile; fileRef = 6D9EFD461D87FDB80023182B /* AppDelegate.m */; };
		6D9EFD4D1D87FDB80023182B /* Main.storyboard in Resources */ = {isa = PBXBuildFile; fileRef = 6D9EFD4B1D87FDB80023182B /* Main.storyboard */; };
		6D9EFD4F1D87FDB80023182B /* Images.xcassets in Resources */ = {isa = PBXBuildFile; fileRef = 6D9EFD4E1D87FDB80023182B /* Images.xcassets */; };
		6D9EFD521D87FDB80023182B /* LaunchScreen.xib in Resources */ = {isa = PBXBuildFile; fileRef = 6D9EFD501D87FDB80023182B /* LaunchScreen.xib */; };
		6D9EFD5E1D87FDB80023182B /* DemoWebRTCTests.m in Sources */ = {isa = PBXBuildFile; fileRef = 6D9EFD5D1D87FDB80023182B /* DemoWebRTCTests.m */; };
		6D9EFD691D88EBDC0023182B /* RoomViewController.m in Sources */ = {isa = PBXBuildFile; fileRef = 6D9EFD681D88EBDC0023182B /* RoomViewController.m */; };
		6D9EFD6F1D88F3F10023182B /* RoomTextInputViewCell.m in Sources */ = {isa = PBXBuildFile; fileRef = 6D9EFD6E1D88F3F10023182B /* RoomTextInputViewCell.m */; };
		6D9EFD751D88F6C30023182B /* VideoChatViewController.m in Sources */ = {isa = PBXBuildFile; fileRef = 6D9EFD741D88F6C30023182B /* VideoChatViewController.m */; };
		6DFF4F3E1D93E33800DF310A /* SocketIOOperation.mm in Sources */ = {isa = PBXBuildFile; fileRef = 6DFF4F3D1D93E33800DF310A /* SocketIOOperation.mm */; };
		D131692A2190E8C45422CA8E /* libPods-DemoWebRTC.a in Frameworks */ = {isa = PBXBuildFile; fileRef = EC569CEE484AB272FBA7597C /* libPods-DemoWebRTC.a */; };
/* End PBXBuildFile section */

/* Begin PBXContainerItemProxy section */
		6D9EFD581D87FDB80023182B /* PBXContainerItemProxy */ = {
			isa = PBXContainerItemProxy;
			containerPortal = 6D9EFD361D87FDB80023182B /* Project object */;
			proxyType = 1;
			remoteGlobalIDString = 6D9EFD3D1D87FDB80023182B;
			remoteInfo = DemoWebRTC;
		};
/* End PBXContainerItemProxy section */

/* Begin PBXFileReference section */
		0BBB15EBC55A18D17E2ADFDD /* Pods-DemoWebRTC.debug.xcconfig */ = {isa = PBXFileReference; includeInIndex = 1; lastKnownFileType = text.xcconfig; name = "Pods-DemoWebRTC.debug.xcconfig"; path = "Pods/Target Support Files/Pods-DemoWebRTC/Pods-DemoWebRTC.debug.xcconfig"; sourceTree = "<group>"; };
		2495FEB28E88AAB9B84F23C0 /* Pods-DemoWebRTC.release.xcconfig */ = {isa = PBXFileReference; includeInIndex = 1; lastKnownFileType = text.xcconfig; name = "Pods-DemoWebRTC.release.xcconfig"; path = "Pods/Target Support Files/Pods-DemoWebRTC/Pods-DemoWebRTC.release.xcconfig"; sourceTree = "<group>"; };
		6D9EFD3E1D87FDB80023182B /* DemoWebRTC.app */ = {isa = PBXFileReference; explicitFileType = wrapper.application; includeInIndex = 0; path = DemoWebRTC.app; sourceTree = BUILT_PRODUCTS_DIR; };
		6D9EFD421D87FDB80023182B /* Info.plist */ = {isa = PBXFileReference; lastKnownFileType = text.plist.xml; path = Info.plist; sourceTree = "<group>"; };
		6D9EFD431D87FDB80023182B /* main.m */ = {isa = PBXFileReference; lastKnownFileType = sourcecode.c.objc; path = main.m; sourceTree = "<group>"; };
		6D9EFD451D87FDB80023182B /* AppDelegate.h */ = {isa = PBXFileReference; lastKnownFileType = sourcecode.c.h; path = AppDelegate.h; sourceTree = "<group>"; };
		6D9EFD461D87FDB80023182B /* AppDelegate.m */ = {isa = PBXFileReference; lastKnownFileType = sourcecode.c.objc; path = AppDelegate.m; sourceTree = "<group>"; };
		6D9EFD4C1D87FDB80023182B /* Base */ = {isa = PBXFileReference; lastKnownFileType = file.storyboard; name = Base; path = Base.lproj/Main.storyboard; sourceTree = "<group>"; };
		6D9EFD4E1D87FDB80023182B /* Images.xcassets */ = {isa = PBXFileReference; lastKnownFileType = folder.assetcatalog; path = Images.xcassets; sourceTree = "<group>"; };
		6D9EFD511D87FDB80023182B /* Base */ = {isa = PBXFileReference; lastKnownFileType = file.xib; name = Base; path = Base.lproj/LaunchScreen.xib; sourceTree = "<group>"; };
		6D9EFD571D87FDB80023182B /* DemoWebRTCTests.xctest */ = {isa = PBXFileReference; explicitFileType = wrapper.cfbundle; includeInIndex = 0; path = DemoWebRTCTests.xctest; sourceTree = BUILT_PRODUCTS_DIR; };
		6D9EFD5C1D87FDB80023182B /* Info.plist */ = {isa = PBXFileReference; lastKnownFileType = text.plist.xml; path = Info.plist; sourceTree = "<group>"; };
		6D9EFD5D1D87FDB80023182B /* DemoWebRTCTests.m */ = {isa = PBXFileReference; lastKnownFileType = sourcecode.c.objc; path = DemoWebRTCTests.m; sourceTree = "<group>"; };
		6D9EFD671D88EBDC0023182B /* RoomViewController.h */ = {isa = PBXFileReference; fileEncoding = 4; lastKnownFileType = sourcecode.c.h; path = RoomViewController.h; sourceTree = "<group>"; };
		6D9EFD681D88EBDC0023182B /* RoomViewController.m */ = {isa = PBXFileReference; fileEncoding = 4; lastKnownFileType = sourcecode.c.objc; path = RoomViewController.m; sourceTree = "<group>"; };
		6D9EFD6D1D88F3F10023182B /* RoomTextInputViewCell.h */ = {isa = PBXFileReference; fileEncoding = 4; lastKnownFileType = sourcecode.c.h; path = RoomTextInputViewCell.h; sourceTree = "<group>"; };
		6D9EFD6E1D88F3F10023182B /* RoomTextInputViewCell.m */ = {isa = PBXFileReference; fileEncoding = 4; lastKnownFileType = sourcecode.c.objc; path = RoomTextInputViewCell.m; sourceTree = "<group>"; };
		6D9EFD731D88F6C30023182B /* VideoChatViewController.h */ = {isa = PBXFileReference; fileEncoding = 4; lastKnownFileType = sourcecode.c.h; path = VideoChatViewController.h; sourceTree = "<group>"; };
		6D9EFD741D88F6C30023182B /* VideoChatViewController.m */ = {isa = PBXFileReference; fileEncoding = 4; lastKnownFileType = sourcecode.c.objc; path = VideoChatViewController.m; sourceTree = "<group>"; };
		6DFF4F3C1D93E33800DF310A /* SocketIOOperation.h */ = {isa = PBXFileReference; fileEncoding = 4; lastKnownFileType = sourcecode.c.h; path = SocketIOOperation.h; sourceTree = "<group>"; };
		6DFF4F3D1D93E33800DF310A /* SocketIOOperation.mm */ = {isa = PBXFileReference; fileEncoding = 4; lastKnownFileType = sourcecode.cpp.objcpp; path = SocketIOOperation.mm; sourceTree = "<group>"; };
		EC569CEE484AB272FBA7597C /* libPods-DemoWebRTC.a */ = {isa = PBXFileReference; explicitFileType = archive.ar; includeInIndex = 0; path = "libPods-DemoWebRTC.a"; sourceTree = BUILT_PRODUCTS_DIR; };
/* End PBXFileReference section */

/* Begin PBXFrameworksBuildPhase section */
		6D9EFD3B1D87FDB80023182B /* Frameworks */ = {
			isa = PBXFrameworksBuildPhase;
			buildActionMask = 2147483647;
			files = (
				D131692A2190E8C45422CA8E /* libPods-DemoWebRTC.a in Frameworks */,
			);
			runOnlyForDeploymentPostprocessing = 0;
		};
		6D9EFD541D87FDB80023182B /* Frameworks */ = {
			isa = PBXFrameworksBuildPhase;
			buildActionMask = 2147483647;
			files = (
			);
			runOnlyForDeploymentPostprocessing = 0;
		};
/* End PBXFrameworksBuildPhase section */

/* Begin PBXGroup section */
		6921561EC3E27C5441682866 /* Pods */ = {
			isa = PBXGroup;
			children = (
				0BBB15EBC55A18D17E2ADFDD /* Pods-DemoWebRTC.debug.xcconfig */,
				2495FEB28E88AAB9B84F23C0 /* Pods-DemoWebRTC.release.xcconfig */,
			);
			name = Pods;
			sourceTree = "<group>";
		};
		6D9EFD351D87FDB80023182B = {
			isa = PBXGroup;
			children = (
				6D9EFD401D87FDB80023182B /* DemoWebRTC */,
				6D9EFD5A1D87FDB80023182B /* DemoWebRTCTests */,
				6D9EFD3F1D87FDB80023182B /* Products */,
				6921561EC3E27C5441682866 /* Pods */,
				BB4AD4C9218BCF9BBAF82CC1 /* Frameworks */,
			);
			sourceTree = "<group>";
		};
		6D9EFD3F1D87FDB80023182B /* Products */ = {
			isa = PBXGroup;
			children = (
				6D9EFD3E1D87FDB80023182B /* DemoWebRTC.app */,
				6D9EFD571D87FDB80023182B /* DemoWebRTCTests.xctest */,
			);
			name = Products;
			sourceTree = "<group>";
		};
		6D9EFD401D87FDB80023182B /* DemoWebRTC */ = {
			isa = PBXGroup;
			children = (
				6DFF4F3B1D93E33800DF310A /* socketio */,
				6D9EFD451D87FDB80023182B /* AppDelegate.h */,
				6D9EFD461D87FDB80023182B /* AppDelegate.m */,
				6D9EFD671D88EBDC0023182B /* RoomViewController.h */,
				6D9EFD681D88EBDC0023182B /* RoomViewController.m */,
				6D9EFD6D1D88F3F10023182B /* RoomTextInputViewCell.h */,
				6D9EFD6E1D88F3F10023182B /* RoomTextInputViewCell.m */,
				6D9EFD731D88F6C30023182B /* VideoChatViewController.h */,
				6D9EFD741D88F6C30023182B /* VideoChatViewController.m */,
				6D9EFD4B1D87FDB80023182B /* Main.storyboard */,
				6D9EFD4E1D87FDB80023182B /* Images.xcassets */,
				6D9EFD501D87FDB80023182B /* LaunchScreen.xib */,
				6D9EFD411D87FDB80023182B /* Supporting Files */,
			);
			path = DemoWebRTC;
			sourceTree = "<group>";
		};
		6D9EFD411D87FDB80023182B /* Supporting Files */ = {
			isa = PBXGroup;
			children = (
				6D9EFD421D87FDB80023182B /* Info.plist */,
				6D9EFD431D87FDB80023182B /* main.m */,
			);
			name = "Supporting Files";
			sourceTree = "<group>";
		};
		6D9EFD5A1D87FDB80023182B /* DemoWebRTCTests */ = {
			isa = PBXGroup;
			children = (
				6D9EFD5D1D87FDB80023182B /* DemoWebRTCTests.m */,
				6D9EFD5B1D87FDB80023182B /* Supporting Files */,
			);
			path = DemoWebRTCTests;
			sourceTree = "<group>";
		};
		6D9EFD5B1D87FDB80023182B /* Supporting Files */ = {
			isa = PBXGroup;
			children = (
				6D9EFD5C1D87FDB80023182B /* Info.plist */,
			);
			name = "Supporting Files";
			sourceTree = "<group>";
		};
		6DFF4F3B1D93E33800DF310A /* socketio */ = {
			isa = PBXGroup;
			children = (
				6DFF4F3C1D93E33800DF310A /* SocketIOOperation.h */,
				6DFF4F3D1D93E33800DF310A /* SocketIOOperation.mm */,
			);
			path = socketio;
			sourceTree = "<group>";
		};
		BB4AD4C9218BCF9BBAF82CC1 /* Frameworks */ = {
			isa = PBXGroup;
			children = (
				EC569CEE484AB272FBA7597C /* libPods-DemoWebRTC.a */,
			);
			name = Frameworks;
			sourceTree = "<group>";
		};
/* End PBXGroup section */

/* Begin PBXNativeTarget section */
		6D9EFD3D1D87FDB80023182B /* DemoWebRTC */ = {
			isa = PBXNativeTarget;
			buildConfigurationList = 6D9EFD611D87FDB80023182B /* Build configuration list for PBXNativeTarget "DemoWebRTC" */;
			buildPhases = (
				05D9EF19496A51AB72EA6B89 /* [CP] Check Pods Manifest.lock */,
				6D9EFD3A1D87FDB80023182B /* Sources */,
				6D9EFD3B1D87FDB80023182B /* Frameworks */,
				6D9EFD3C1D87FDB80023182B /* Resources */,
				631B3D1720CA0CB014D5CE3B /* [CP] Embed Pods Frameworks */,
				A46C86EF5F85E75BF7B651EA /* [CP] Copy Pods Resources */,
			);
			buildRules = (
			);
			dependencies = (
			);
			name = DemoWebRTC;
			productName = DemoWebRTC;
			productReference = 6D9EFD3E1D87FDB80023182B /* DemoWebRTC.app */;
			productType = "com.apple.product-type.application";
		};
		6D9EFD561D87FDB80023182B /* DemoWebRTCTests */ = {
			isa = PBXNativeTarget;
			buildConfigurationList = 6D9EFD641D87FDB80023182B /* Build configuration list for PBXNativeTarget "DemoWebRTCTests" */;
			buildPhases = (
				6D9EFD531D87FDB80023182B /* Sources */,
				6D9EFD541D87FDB80023182B /* Frameworks */,
				6D9EFD551D87FDB80023182B /* Resources */,
			);
			buildRules = (
			);
			dependencies = (
				6D9EFD591D87FDB80023182B /* PBXTargetDependency */,
			);
			name = DemoWebRTCTests;
			productName = DemoWebRTCTests;
			productReference = 6D9EFD571D87FDB80023182B /* DemoWebRTCTests.xctest */;
			productType = "com.apple.product-type.bundle.unit-test";
		};
/* End PBXNativeTarget section */

/* Begin PBXProject section */
		6D9EFD361D87FDB80023182B /* Project object */ = {
			isa = PBXProject;
			attributes = {
				LastUpgradeCheck = 0630;
				ORGANIZATIONNAME = MaxwellQi;
				TargetAttributes = {
					6D9EFD3D1D87FDB80023182B = {
						CreatedOnToolsVersion = 6.3.2;
						DevelopmentTeam = YDEVQQ22JR;
					};
					6D9EFD561D87FDB80023182B = {
						CreatedOnToolsVersion = 6.3.2;
						TestTargetID = 6D9EFD3D1D87FDB80023182B;
					};
				};
			};
			buildConfigurationList = 6D9EFD391D87FDB80023182B /* Build configuration list for PBXProject "DemoWebRTC" */;
			compatibilityVersion = "Xcode 3.2";
			developmentRegion = English;
			hasScannedForEncodings = 0;
			knownRegions = (
				en,
				Base,
			);
			mainGroup = 6D9EFD351D87FDB80023182B;
			productRefGroup = 6D9EFD3F1D87FDB80023182B /* Products */;
			projectDirPath = "";
			projectRoot = "";
			targets = (
				6D9EFD3D1D87FDB80023182B /* DemoWebRTC */,
				6D9EFD561D87FDB80023182B /* DemoWebRTCTests */,
			);
		};
/* End PBXProject section */

/* Begin PBXResourcesBuildPhase section */
		6D9EFD3C1D87FDB80023182B /* Resources */ = {
			isa = PBXResourcesBuildPhase;
			buildActionMask = 2147483647;
			files = (
				6D9EFD4D1D87FDB80023182B /* Main.storyboard in Resources */,
				6D9EFD521D87FDB80023182B /* LaunchScreen.xib in Resources */,
				6D9EFD4F1D87FDB80023182B /* Images.xcassets in Resources */,
			);
			runOnlyForDeploymentPostprocessing = 0;
		};
		6D9EFD551D87FDB80023182B /* Resources */ = {
			isa = PBXResourcesBuildPhase;
			buildActionMask = 2147483647;
			files = (
			);
			runOnlyForDeploymentPostprocessing = 0;
		};
/* End PBXResourcesBuildPhase section */

/* Begin PBXShellScriptBuildPhase section */
		05D9EF19496A51AB72EA6B89 /* [CP] Check Pods Manifest.lock */ = {
			isa = PBXShellScriptBuildPhase;
			buildActionMask = 2147483647;
			files = (
			);
			inputPaths = (
			);
			name = "[CP] Check Pods Manifest.lock";
			outputPaths = (
			);
			runOnlyForDeploymentPostprocessing = 0;
			shellPath = /bin/sh;
			shellScript = "diff \"${PODS_ROOT}/../Podfile.lock\" \"${PODS_ROOT}/Manifest.lock\" > /dev/null\nif [ $? != 0 ] ; then\n    # print error to STDERR\n    echo \"error: The sandbox is not in sync with the Podfile.lock. Run 'pod install' or update your CocoaPods installation.\" >&2\n    exit 1\nfi\n";
			showEnvVarsInLog = 0;
		};
		631B3D1720CA0CB014D5CE3B /* [CP] Embed Pods Frameworks */ = {
			isa = PBXShellScriptBuildPhase;
			buildActionMask = 2147483647;
			files = (
			);
			inputPaths = (
			);
			name = "[CP] Embed Pods Frameworks";
			outputPaths = (
			);
			runOnlyForDeploymentPostprocessing = 0;
			shellPath = /bin/sh;
			shellScript = "\"${SRCROOT}/Pods/Target Support Files/Pods-DemoWebRTC/Pods-DemoWebRTC-frameworks.sh\"\n";
			showEnvVarsInLog = 0;
		};
		A46C86EF5F85E75BF7B651EA /* [CP] Copy Pods Resources */ = {
			isa = PBXShellScriptBuildPhase;
			buildActionMask = 2147483647;
			files = (
			);
			inputPaths = (
			);
			name = "[CP] Copy Pods Resources";
			outputPaths = (
			);
			runOnlyForDeploymentPostprocessing = 0;
			shellPath = /bin/sh;
			shellScript = "\"${SRCROOT}/Pods/Target Support Files/Pods-DemoWebRTC/Pods-DemoWebRTC-resources.sh\"\n";
			showEnvVarsInLog = 0;
		};
/* End PBXShellScriptBuildPhase section */

/* Begin PBXSourcesBuildPhase section */
		6D9EFD3A1D87FDB80023182B /* Sources */ = {
			isa = PBXSourcesBuildPhase;
			buildActionMask = 2147483647;
			files = (
				6D9EFD751D88F6C30023182B /* VideoChatViewController.m in Sources */,
				6D9EFD471D87FDB80023182B /* AppDelegate.m in Sources */,
				6DFF4F3E1D93E33800DF310A /* SocketIOOperation.mm in Sources */,
				6D9EFD6F1D88F3F10023182B /* RoomTextInputViewCell.m in Sources */,
				6D9EFD441D87FDB80023182B /* main.m in Sources */,
				6D9EFD691D88EBDC0023182B /* RoomViewController.m in Sources */,
			);
			runOnlyForDeploymentPostprocessing = 0;
		};
		6D9EFD531D87FDB80023182B /* Sources */ = {
			isa = PBXSourcesBuildPhase;
			buildActionMask = 2147483647;
			files = (
				6D9EFD5E1D87FDB80023182B /* DemoWebRTCTests.m in Sources */,
			);
			runOnlyForDeploymentPostprocessing = 0;
		};
/* End PBXSourcesBuildPhase section */

/* Begin PBXTargetDependency section */
		6D9EFD591D87FDB80023182B /* PBXTargetDependency */ = {
			isa = PBXTargetDependency;
			target = 6D9EFD3D1D87FDB80023182B /* DemoWebRTC */;
			targetProxy = 6D9EFD581D87FDB80023182B /* PBXContainerItemProxy */;
		};
/* End PBXTargetDependency section */

/* Begin PBXVariantGroup section */
		6D9EFD4B1D87FDB80023182B /* Main.storyboard */ = {
			isa = PBXVariantGroup;
			children = (
				6D9EFD4C1D87FDB80023182B /* Base */,
			);
			name = Main.storyboard;
			sourceTree = "<group>";
		};
		6D9EFD501D87FDB80023182B /* LaunchScreen.xib */ = {
			isa = PBXVariantGroup;
			children = (
				6D9EFD511D87FDB80023182B /* Base */,
			);
			name = LaunchScreen.xib;
			sourceTree = "<group>";
		};
/* End PBXVariantGroup section */

/* Begin XCBuildConfiguration section */
		6D9EFD5F1D87FDB80023182B /* Debug */ = {
			isa = XCBuildConfiguration;
			buildSettings = {
				ALWAYS_SEARCH_USER_PATHS = NO;
				CLANG_CXX_LANGUAGE_STANDARD = "gnu++0x";
				CLANG_CXX_LIBRARY = "libc++";
				CLANG_ENABLE_MODULES = YES;
				CLANG_ENABLE_OBJC_ARC = YES;
				CLANG_WARN_BOOL_CONVERSION = YES;
				CLANG_WARN_CONSTANT_CONVERSION = YES;
				CLANG_WARN_DIRECT_OBJC_ISA_USAGE = YES_ERROR;
				CLANG_WARN_EMPTY_BODY = YES;
				CLANG_WARN_ENUM_CONVERSION = YES;
				CLANG_WARN_INT_CONVERSION = YES;
				CLANG_WARN_OBJC_ROOT_CLASS = YES_ERROR;
				CLANG_WARN_UNREACHABLE_CODE = YES;
				CLANG_WARN__DUPLICATE_METHOD_MATCH = YES;
				"CODE_SIGN_IDENTITY[sdk=iphoneos*]" = "iPhone Developer";
				COPY_PHASE_STRIP = NO;
				DEBUG_INFORMATION_FORMAT = "dwarf-with-dsym";
				ENABLE_STRICT_OBJC_MSGSEND = YES;
				GCC_C_LANGUAGE_STANDARD = gnu99;
				GCC_DYNAMIC_NO_PIC = NO;
				GCC_NO_COMMON_BLOCKS = YES;
				GCC_OPTIMIZATION_LEVEL = 0;
				GCC_PREPROCESSOR_DEFINITIONS = (
					"DEBUG=1",
					"$(inherited)",
				);
				GCC_SYMBOLS_PRIVATE_EXTERN = NO;
				GCC_WARN_64_TO_32_BIT_CONVERSION = YES;
				GCC_WARN_ABOUT_RETURN_TYPE = YES_ERROR;
				GCC_WARN_UNDECLARED_SELECTOR = YES;
				GCC_WARN_UNINITIALIZED_AUTOS = YES_AGGRESSIVE;
				GCC_WARN_UNUSED_FUNCTION = YES;
				GCC_WARN_UNUSED_VARIABLE = YES;
				IPHONEOS_DEPLOYMENT_TARGET = 8.3;
				MTL_ENABLE_DEBUG_INFO = YES;
				ONLY_ACTIVE_ARCH = YES;
				SDKROOT = iphoneos;
				TARGETED_DEVICE_FAMILY = "1,2";
			};
			name = Debug;
		};
		6D9EFD601D87FDB80023182B /* Release */ = {
			isa = XCBuildConfiguration;
			buildSettings = {
				ALWAYS_SEARCH_USER_PATHS = NO;
				CLANG_CXX_LANGUAGE_STANDARD = "gnu++0x";
				CLANG_CXX_LIBRARY = "libc++";
				CLANG_ENABLE_MODULES = YES;
				CLANG_ENABLE_OBJC_ARC = YES;
				CLANG_WARN_BOOL_CONVERSION = YES;
				CLANG_WARN_CONSTANT_CONVERSION = YES;
				CLANG_WARN_DIRECT_OBJC_ISA_USAGE = YES_ERROR;
				CLANG_WARN_EMPTY_BODY = YES;
				CLANG_WARN_ENUM_CONVERSION = YES;
				CLANG_WARN_INT_CONVERSION = YES;
				CLANG_WARN_OBJC_ROOT_CLASS = YES_ERROR;
				CLANG_WARN_UNREACHABLE_CODE = YES;
				CLANG_WARN__DUPLICATE_METHOD_MATCH = YES;
				"CODE_SIGN_IDENTITY[sdk=iphoneos*]" = "iPhone Developer";
				COPY_PHASE_STRIP = NO;
				DEBUG_INFORMATION_FORMAT = "dwarf-with-dsym";
				ENABLE_NS_ASSERTIONS = NO;
				ENABLE_STRICT_OBJC_MSGSEND = YES;
				GCC_C_LANGUAGE_STANDARD = gnu99;
				GCC_NO_COMMON_BLOCKS = YES;
				GCC_WARN_64_TO_32_BIT_CONVERSION = YES;
				GCC_WARN_ABOUT_RETURN_TYPE = YES_ERROR;
				GCC_WARN_UNDECLARED_SELECTOR = YES;
				GCC_WARN_UNINITIALIZED_AUTOS = YES_AGGRESSIVE;
				GCC_WARN_UNUSED_FUNCTION = YES;
				GCC_WARN_UNUSED_VARIABLE = YES;
				IPHONEOS_DEPLOYMENT_TARGET = 8.3;
				MTL_ENABLE_DEBUG_INFO = NO;
				SDKROOT = iphoneos;
				TARGETED_DEVICE_FAMILY = "1,2";
				VALIDATE_PRODUCT = YES;
			};
			name = Release;
		};
		6D9EFD621D87FDB80023182B /* Debug */ = {
			isa = XCBuildConfiguration;
			baseConfigurationReference = 0BBB15EBC55A18D17E2ADFDD /* Pods-DemoWebRTC.debug.xcconfig */;
			buildSettings = {
				ASSETCATALOG_COMPILER_APPICON_NAME = AppIcon;
				CODE_SIGN_IDENTITY = "iPhone Developer";
				"CODE_SIGN_IDENTITY[sdk=iphoneos*]" = "iPhone Developer";
				ENABLE_BITCODE = NO;
				INFOPLIST_FILE = DemoWebRTC/Info.plist;
				LD_RUNPATH_SEARCH_PATHS = "$(inherited) @executable_path/Frameworks";
				PRODUCT_NAME = "$(TARGET_NAME)";
				PROVISIONING_PROFILE = "";
			};
			name = Debug;
		};
		6D9EFD631D87FDB80023182B /* Release */ = {
			isa = XCBuildConfiguration;
			baseConfigurationReference = 2495FEB28E88AAB9B84F23C0 /* Pods-DemoWebRTC.release.xcconfig */;
			buildSettings = {
				ASSETCATALOG_COMPILER_APPICON_NAME = AppIcon;
				CODE_SIGN_IDENTITY = "iPhone Developer";
				"CODE_SIGN_IDENTITY[sdk=iphoneos*]" = "iPhone Developer";
				ENABLE_BITCODE = NO;
				INFOPLIST_FILE = DemoWebRTC/Info.plist;
				LD_RUNPATH_SEARCH_PATHS = "$(inherited) @executable_path/Frameworks";
				PRODUCT_NAME = "$(TARGET_NAME)";
				PROVISIONING_PROFILE = "";
			};
			name = Release;
		};
		6D9EFD651D87FDB80023182B /* Debug */ = {
			isa = XCBuildConfiguration;
			buildSettings = {
				BUNDLE_LOADER = "$(TEST_HOST)";
				FRAMEWORK_SEARCH_PATHS = (
					"$(SDKROOT)/Developer/Library/Frameworks",
					"$(inherited)",
				);
				GCC_PREPROCESSOR_DEFINITIONS = (
					"DEBUG=1",
					"$(inherited)",
				);
				INFOPLIST_FILE = DemoWebRTCTests/Info.plist;
				LD_RUNPATH_SEARCH_PATHS = "$(inherited) @executable_path/Frameworks @loader_path/Frameworks";
				PRODUCT_NAME = "$(TARGET_NAME)";
				TEST_HOST = "$(BUILT_PRODUCTS_DIR)/DemoWebRTC.app/DemoWebRTC";
			};
			name = Debug;
		};
		6D9EFD661D87FDB80023182B /* Release */ = {
			isa = XCBuildConfiguration;
			buildSettings = {
				BUNDLE_LOADER = "$(TEST_HOST)";
				FRAMEWORK_SEARCH_PATHS = (
					"$(SDKROOT)/Developer/Library/Frameworks",
					"$(inherited)",
				);
				INFOPLIST_FILE = DemoWebRTCTests/Info.plist;
				LD_RUNPATH_SEARCH_PATHS = "$(inherited) @executable_path/Frameworks @loader_path/Frameworks";
				PRODUCT_NAME = "$(TARGET_NAME)";
				TEST_HOST = "$(BUILT_PRODUCTS_DIR)/DemoWebRTC.app/DemoWebRTC";
			};
			name = Release;
		};
/* End XCBuildConfiguration section */

/* Begin XCConfigurationList section */
		6D9EFD391D87FDB80023182B /* Build configuration list for PBXProject "DemoWebRTC" */ = {
			isa = XCConfigurationList;
			buildConfigurations = (
				6D9EFD5F1D87FDB80023182B /* Debug */,
				6D9EFD601D87FDB80023182B /* Release */,
			);
			defaultConfigurationIsVisible = 0;
			defaultConfigurationName = Release;
		};
		6D9EFD611D87FDB80023182B /* Build configuration list for PBXNativeTarget "DemoWebRTC" */ = {
			isa = XCConfigurationList;
			buildConfigurations = (
				6D9EFD621D87FDB80023182B /* Debug */,
				6D9EFD631D87FDB80023182B /* Release */,
			);
			defaultConfigurationIsVisible = 0;
			defaultConfigurationName = Release;
		};
		6D9EFD641D87FDB80023182B /* Build configuration list for PBXNativeTarget "DemoWebRTCTests" */ = {
			isa = XCConfigurationList;
			buildConfigurations = (
				6D9EFD651D87FDB80023182B /* Debug */,
				6D9EFD661D87FDB80023182B /* Release */,
			);
			defaultConfigurationIsVisible = 0;
			defaultConfigurationName = Release;
		};
/* End XCConfigurationList section */
	};
	rootObject = 6D9EFD361D87FDB80023182B /* Project object */;
}
